// !$*UTF8*$!
{
	archiveVersion = 1;
	classes = {
	};
	objectVersion = 50;
	objects = {

/* Begin PBXBuildFile section */
		7A6B4C522262CBAF009B3956 /* AppDelegate.swift in Sources */ = {isa = PBXBuildFile; fileRef = 7A6B4C512262CBAF009B3956 /* AppDelegate.swift */; };
		7A6B4C572262CBAF009B3956 /* Main.storyboard in Resources */ = {isa = PBXBuildFile; fileRef = 7A6B4C552262CBAF009B3956 /* Main.storyboard */; };
		7A6B4C592262CBB1009B3956 /* Assets.xcassets in Resources */ = {isa = PBXBuildFile; fileRef = 7A6B4C582262CBB1009B3956 /* Assets.xcassets */; };
		7A6B4C5C2262CBB1009B3956 /* LaunchScreen.storyboard in Resources */ = {isa = PBXBuildFile; fileRef = 7A6B4C5A2262CBB1009B3956 /* LaunchScreen.storyboard */; };
		7A6B4C642262D270009B3956 /* CategoryTableViewController.swift in Sources */ = {isa = PBXBuildFile; fileRef = 7A6B4C632262D270009B3956 /* CategoryTableViewController.swift */; };
		7A6B4C662262D2BE009B3956 /* MenuTableViewController.swift in Sources */ = {isa = PBXBuildFile; fileRef = 7A6B4C652262D2BE009B3956 /* MenuTableViewController.swift */; };
		7A6B4C682262D2D4009B3956 /* OrderTableViewController.swift in Sources */ = {isa = PBXBuildFile; fileRef = 7A6B4C672262D2D4009B3956 /* OrderTableViewController.swift */; };
		7A6B4C6A2262D4BC009B3956 /* MenuItemDetailViewController.swift in Sources */ = {isa = PBXBuildFile; fileRef = 7A6B4C692262D4BC009B3956 /* MenuItemDetailViewController.swift */; };
		7A6B4C6C2262D5E0009B3956 /* MenuItem.swift in Sources */ = {isa = PBXBuildFile; fileRef = 7A6B4C6B2262D5E0009B3956 /* MenuItem.swift */; };
		7A6B4C6E2262D88D009B3956 /* IntermediaryModels.swift in Sources */ = {isa = PBXBuildFile; fileRef = 7A6B4C6D2262D88D009B3956 /* IntermediaryModels.swift */; };
		7A6B4C732262DA02009B3956 /* Order.swift in Sources */ = {isa = PBXBuildFile; fileRef = 7A6B4C722262DA02009B3956 /* Order.swift */; };
		7A6B4C932263CEAE009B3956 /* MenuController.swift in Sources */ = {isa = PBXBuildFile; fileRef = 7A6B4C922263CEAE009B3956 /* MenuController.swift */; };
		7ADEDD6B226960E600020868 /* OrderConfirmationViewController.swift in Sources */ = {isa = PBXBuildFile; fileRef = 7ADEDD6A226960E600020868 /* OrderConfirmationViewController.swift */; };
/* End PBXBuildFile section */

/* Begin PBXFileReference section */
		7A6B4C4E2262CBAF009B3956 /* Restaurant.app */ = {isa = PBXFileReference; explicitFileType = wrapper.application; includeInIndex = 0; path = Restaurant.app; sourceTree = BUILT_PRODUCTS_DIR; };
		7A6B4C512262CBAF009B3956 /* AppDelegate.swift */ = {isa = PBXFileReference; lastKnownFileType = sourcecode.swift; path = AppDelegate.swift; sourceTree = "<group>"; };
		7A6B4C562262CBAF009B3956 /* Base */ = {isa = PBXFileReference; lastKnownFileType = file.storyboard; name = Base; path = Base.lproj/Main.storyboard; sourceTree = "<group>"; };
		7A6B4C582262CBB1009B3956 /* Assets.xcassets */ = {isa = PBXFileReference; lastKnownFileType = folder.assetcatalog; path = Assets.xcassets; sourceTree = "<group>"; };
		7A6B4C5B2262CBB1009B3956 /* Base */ = {isa = PBXFileReference; lastKnownFileType = file.storyboard; name = Base; path = Base.lproj/LaunchScreen.storyboard; sourceTree = "<group>"; };
		7A6B4C5D2262CBB1009B3956 /* Info.plist */ = {isa = PBXFileReference; lastKnownFileType = text.plist.xml; path = Info.plist; sourceTree = "<group>"; };
		7A6B4C632262D270009B3956 /* CategoryTableViewController.swift */ = {isa = PBXFileReference; lastKnownFileType = sourcecode.swift; path = CategoryTableViewController.swift; sourceTree = "<group>"; };
		7A6B4C652262D2BE009B3956 /* MenuTableViewController.swift */ = {isa = PBXFileReference; lastKnownFileType = sourcecode.swift; path = MenuTableViewController.swift; sourceTree = "<group>"; };
		7A6B4C672262D2D4009B3956 /* OrderTableViewController.swift */ = {isa = PBXFileReference; lastKnownFileType = sourcecode.swift; path = OrderTableViewController.swift; sourceTree = "<group>"; };
		7A6B4C692262D4BC009B3956 /* MenuItemDetailViewController.swift */ = {isa = PBXFileReference; lastKnownFileType = sourcecode.swift; path = MenuItemDetailViewController.swift; sourceTree = "<group>"; };
		7A6B4C6B2262D5E0009B3956 /* MenuItem.swift */ = {isa = PBXFileReference; lastKnownFileType = sourcecode.swift; path = MenuItem.swift; sourceTree = "<group>"; };
		7A6B4C6D2262D88D009B3956 /* IntermediaryModels.swift */ = {isa = PBXFileReference; lastKnownFileType = sourcecode.swift; path = IntermediaryModels.swift; sourceTree = "<group>"; };
		7A6B4C722262DA02009B3956 /* Order.swift */ = {isa = PBXFileReference; lastKnownFileType = sourcecode.swift; path = Order.swift; sourceTree = "<group>"; };
		7A6B4C922263CEAE009B3956 /* MenuController.swift */ = {isa = PBXFileReference; lastKnownFileType = sourcecode.swift; path = MenuController.swift; sourceTree = "<group>"; };
		7ADEDD6A226960E600020868 /* OrderConfirmationViewController.swift */ = {isa = PBXFileReference; lastKnownFileType = sourcecode.swift; path = OrderConfirmationViewController.swift; sourceTree = "<group>"; };
/* End PBXFileReference section */

/* Begin PBXFrameworksBuildPhase section */
		7A6B4C4B2262CBAF009B3956 /* Frameworks */ = {
			isa = PBXFrameworksBuildPhase;
			buildActionMask = 2147483647;
			files = (
			);
			runOnlyForDeploymentPostprocessing = 0;
		};
/* End PBXFrameworksBuildPhase section */

/* Begin PBXGroup section */
		7A6B4C452262CBAF009B3956 = {
			isa = PBXGroup;
			children = (
				7A6B4C502262CBAF009B3956 /* Restaurant */,
				7A6B4C4F2262CBAF009B3956 /* Products */,
			);
			sourceTree = "<group>";
		};
		7A6B4C4F2262CBAF009B3956 /* Products */ = {
			isa = PBXGroup;
			children = (
				7A6B4C4E2262CBAF009B3956 /* Restaurant.app */,
			);
			name = Products;
			sourceTree = "<group>";
		};
		7A6B4C502262CBAF009B3956 /* Restaurant */ = {
			isa = PBXGroup;
			children = (
				7A6B4C6F2262D8A9009B3956 /* Models */,
				7A6B4C702262D8CE009B3956 /* Views */,
				7A6B4C712262D8E9009B3956 /* Controllers */,
				7A6B4C512262CBAF009B3956 /* AppDelegate.swift */,
				7A6B4C582262CBB1009B3956 /* Assets.xcassets */,
				7A6B4C5A2262CBB1009B3956 /* LaunchScreen.storyboard */,
				7A6B4C5D2262CBB1009B3956 /* Info.plist */,
			);
			path = Restaurant;
			sourceTree = "<group>";
		};
		7A6B4C6F2262D8A9009B3956 /* Models */ = {
			isa = PBXGroup;
			children = (
				7A6B4C6B2262D5E0009B3956 /* MenuItem.swift */,
				7A6B4C6D2262D88D009B3956 /* IntermediaryModels.swift */,
				7A6B4C722262DA02009B3956 /* Order.swift */,
			);
			path = Models;
			sourceTree = "<group>";
		};
		7A6B4C702262D8CE009B3956 /* Views */ = {
			isa = PBXGroup;
			children = (
				7A6B4C552262CBAF009B3956 /* Main.storyboard */,
			);
			path = Views;
			sourceTree = "<group>";
		};
		7A6B4C712262D8E9009B3956 /* Controllers */ = {
			isa = PBXGroup;
			children = (
				7ADEDD6C226960F800020868 /* TableViewControllers */,
				7ADEDD6E2269615100020868 /* ViewControllers */,
				7ADEDD6F2269619300020868 /* NetWorkingController */,
			);
			path = Controllers;
			sourceTree = "<group>";
		};
		7ADEDD6C226960F800020868 /* TableViewControllers */ = {
			isa = PBXGroup;
			children = (
				7A6B4C672262D2D4009B3956 /* OrderTableViewController.swift */,
				7A6B4C632262D270009B3956 /* CategoryTableViewController.swift */,
				7A6B4C652262D2BE009B3956 /* MenuTableViewController.swift */,
			);
			path = TableViewControllers;
			sourceTree = "<group>";
		};
		7ADEDD6E2269615100020868 /* ViewControllers */ = {
			isa = PBXGroup;
			children = (
				7A6B4C692262D4BC009B3956 /* MenuItemDetailViewController.swift */,
				7ADEDD6A226960E600020868 /* OrderConfirmationViewController.swift */,
			);
			path = ViewControllers;
			sourceTree = "<group>";
		};
		7ADEDD6F2269619300020868 /* NetWorkingController */ = {
			isa = PBXGroup;
			children = (
				7A6B4C922263CEAE009B3956 /* MenuController.swift */,
			);
			path = NetWorkingController;
			sourceTree = "<group>";
		};
/* End PBXGroup section */

/* Begin PBXNativeTarget section */
		7A6B4C4D2262CBAF009B3956 /* Restaurant */ = {
			isa = PBXNativeTarget;
			buildConfigurationList = 7A6B4C602262CBB1009B3956 /* Build configuration list for PBXNativeTarget "Restaurant" */;
			buildPhases = (
				7A6B4C4A2262CBAF009B3956 /* Sources */,
				7A6B4C4B2262CBAF009B3956 /* Frameworks */,
				7A6B4C4C2262CBAF009B3956 /* Resources */,
			);
			buildRules = (
			);
			dependencies = (
			);
			name = Restaurant;
			productName = Restaurant;
			productReference = 7A6B4C4E2262CBAF009B3956 /* Restaurant.app */;
			productType = "com.apple.product-type.application";
		};
/* End PBXNativeTarget section */

/* Begin PBXProject section */
		7A6B4C462262CBAF009B3956 /* Project object */ = {
			isa = PBXProject;
			attributes = {
				LastSwiftUpdateCheck = 1020;
				LastUpgradeCheck = 1020;
				ORGANIZATIONNAME = "Salvador Garcia";
				TargetAttributes = {
					7A6B4C4D2262CBAF009B3956 = {
						CreatedOnToolsVersion = 10.2;
					};
				};
			};
			buildConfigurationList = 7A6B4C492262CBAF009B3956 /* Build configuration list for PBXProject "Restaurant" */;
			compatibilityVersion = "Xcode 9.3";
			developmentRegion = en;
			hasScannedForEncodings = 0;
			knownRegions = (
				en,
				Base,
			);
			mainGroup = 7A6B4C452262CBAF009B3956;
			productRefGroup = 7A6B4C4F2262CBAF009B3956 /* Products */;
			projectDirPath = "";
			projectRoot = "";
			targets = (
				7A6B4C4D2262CBAF009B3956 /* Restaurant */,
			);
		};
/* End PBXProject section */

/* Begin PBXResourcesBuildPhase section */
		7A6B4C4C2262CBAF009B3956 /* Resources */ = {
			isa = PBXResourcesBuildPhase;
			buildActionMask = 2147483647;
			files = (
				7A6B4C5C2262CBB1009B3956 /* LaunchScreen.storyboard in Resources */,
				7A6B4C592262CBB1009B3956 /* Assets.xcassets in Resources */,
				7A6B4C572262CBAF009B3956 /* Main.storyboard in Resources */,
			);
			runOnlyForDeploymentPostprocessing = 0;
		};
/* End PBXResourcesBuildPhase section */

/* Begin PBXSourcesBuildPhase section */
		7A6B4C4A2262CBAF009B3956 /* Sources */ = {
			isa = PBXSourcesBuildPhase;
			buildActionMask = 2147483647;
			files = (
				7A6B4C932263CEAE009B3956 /* MenuController.swift in Sources */,
				7A6B4C6C2262D5E0009B3956 /* MenuItem.swift in Sources */,
				7A6B4C662262D2BE009B3956 /* MenuTableViewController.swift in Sources */,
				7A6B4C6A2262D4BC009B3956 /* MenuItemDetailViewController.swift in Sources */,
				7A6B4C732262DA02009B3956 /* Order.swift in Sources */,
				7A6B4C682262D2D4009B3956 /* OrderTableViewController.swift in Sources */,
				7A6B4C6E2262D88D009B3956 /* IntermediaryModels.swift in Sources */,
				7A6B4C522262CBAF009B3956 /* AppDelegate.swift in Sources */,
				7ADEDD6B226960E600020868 /* OrderConfirmationViewController.swift in Sources */,
				7A6B4C642262D270009B3956 /* CategoryTableViewController.swift in Sources */,
			);
			runOnlyForDeploymentPostprocessing = 0;
		};
/* End PBXSourcesBuildPhase section */

/* Begin PBXVariantGroup section */
		7A6B4C552262CBAF009B3956 /* Main.storyboard */ = {
			isa = PBXVariantGroup;
			children = (
				7A6B4C562262CBAF009B3956 /* Base */,
			);
			name = Main.storyboard;
			sourceTree = "<group>";
		};
		7A6B4C5A2262CBB1009B3956 /* LaunchScreen.storyboard */ = {
			isa = PBXVariantGroup;
			children = (
				7A6B4C5B2262CBB1009B3956 /* Base */,
			);
			name = LaunchScreen.storyboard;
			sourceTree = "<group>";
		};
/* End PBXVariantGroup section */

/* Begin XCBuildConfiguration section */
		7A6B4C5E2262CBB1009B3956 /* Debug */ = {
			isa = XCBuildConfiguration;
			buildSettings = {
				ALWAYS_SEARCH_USER_PATHS = NO;
				CLANG_ANALYZER_NONNULL = YES;
				CLANG_ANALYZER_NUMBER_OBJECT_CONVERSION = YES_AGGRESSIVE;
				CLANG_CXX_LANGUAGE_STANDARD = "gnu++14";
				CLANG_CXX_LIBRARY = "libc++";
				CLANG_ENABLE_MODULES = YES;
				CLANG_ENABLE_OBJC_ARC = YES;
				CLANG_ENABLE_OBJC_WEAK = YES;
				CLANG_WARN_BLOCK_CAPTURE_AUTORELEASING = YES;
				CLANG_WARN_BOOL_CONVERSION = YES;
				CLANG_WARN_COMMA = YES;
				CLANG_WARN_CONSTANT_CONVERSION = YES;
				CLANG_WARN_DEPRECATED_OBJC_IMPLEMENTATIONS = YES;
				CLANG_WARN_DIRECT_OBJC_ISA_USAGE = YES_ERROR;
				CLANG_WARN_DOCUMENTATION_COMMENTS = YES;
				CLANG_WARN_EMPTY_BODY = YES;
				CLANG_WARN_ENUM_CONVERSION = YES;
				CLANG_WARN_INFINITE_RECURSION = YES;
				CLANG_WARN_INT_CONVERSION = YES;
				CLANG_WARN_NON_LITERAL_NULL_CONVERSION = YES;
				CLANG_WARN_OBJC_IMPLICIT_RETAIN_SELF = YES;
				CLANG_WARN_OBJC_LITERAL_CONVERSION = YES;
				CLANG_WARN_OBJC_ROOT_CLASS = YES_ERROR;
				CLANG_WARN_RANGE_LOOP_ANALYSIS = YES;
				CLANG_WARN_STRICT_PROTOTYPES = YES;
				CLANG_WARN_SUSPICIOUS_MOVE = YES;
				CLANG_WARN_UNGUARDED_AVAILABILITY = YES_AGGRESSIVE;
				CLANG_WARN_UNREACHABLE_CODE = YES;
				CLANG_WARN__DUPLICATE_METHOD_MATCH = YES;
				CODE_SIGN_IDENTITY = "iPhone Developer";
				COPY_PHASE_STRIP = NO;
				DEBUG_INFORMATION_FORMAT = dwarf;
				ENABLE_STRICT_OBJC_MSGSEND = YES;
				ENABLE_TESTABILITY = YES;
				GCC_C_LANGUAGE_STANDARD = gnu11;
				GCC_DYNAMIC_NO_PIC = NO;
				GCC_NO_COMMON_BLOCKS = YES;
				GCC_OPTIMIZATION_LEVEL = 0;
				GCC_PREPROCESSOR_DEFINITIONS = (
					"DEBUG=1",
					"$(inherited)",
				);
				GCC_WARN_64_TO_32_BIT_CONVERSION = YES;
				GCC_WARN_ABOUT_RETURN_TYPE = YES_ERROR;
				GCC_WARN_UNDECLARED_SELECTOR = YES;
				GCC_WARN_UNINITIALIZED_AUTOS = YES_AGGRESSIVE;
				GCC_WARN_UNUSED_FUNCTION = YES;
				GCC_WARN_UNUSED_VARIABLE = YES;
				IPHONEOS_DEPLOYMENT_TARGET = 12.2;
				MTL_ENABLE_DEBUG_INFO = INCLUDE_SOURCE;
				MTL_FAST_MATH = YES;
				ONLY_ACTIVE_ARCH = YES;
				SDKROOT = iphoneos;
				SWIFT_ACTIVE_COMPILATION_CONDITIONS = DEBUG;
				SWIFT_OPTIMIZATION_LEVEL = "-Onone";
			};
			name = Debug;
		};
		7A6B4C5F2262CBB1009B3956 /* Release */ = {
			isa = XCBuildConfiguration;
			buildSettings = {
				ALWAYS_SEARCH_USER_PATHS = NO;
				CLANG_ANALYZER_NONNULL = YES;
				CLANG_ANALYZER_NUMBER_OBJECT_CONVERSION = YES_AGGRESSIVE;
				CLANG_CXX_LANGUAGE_STANDARD = "gnu++14";
				CLANG_CXX_LIBRARY = "libc++";
				CLANG_ENABLE_MODULES = YES;
				CLANG_ENABLE_OBJC_ARC = YES;
				CLANG_ENABLE_OBJC_WEAK = YES;
				CLANG_WARN_BLOCK_CAPTURE_AUTORELEASING = YES;
				CLANG_WARN_BOOL_CONVERSION = YES;
				CLANG_WARN_COMMA = YES;
				CLANG_WARN_CONSTANT_CONVERSION = YES;
				CLANG_WARN_DEPRECATED_OBJC_IMPLEMENTATIONS = YES;
				CLANG_WARN_DIRECT_OBJC_ISA_USAGE = YES_ERROR;
				CLANG_WARN_DOCUMENTATION_COMMENTS = YES;
				CLANG_WARN_EMPTY_BODY = YES;
				CLANG_WARN_ENUM_CONVERSION = YES;
				CLANG_WARN_INFINITE_RECURSION = YES;
				CLANG_WARN_INT_CONVERSION = YES;
				CLANG_WARN_NON_LITERAL_NULL_CONVERSION = YES;
				CLANG_WARN_OBJC_IMPLICIT_RETAIN_SELF = YES;
				CLANG_WARN_OBJC_LITERAL_CONVERSION = YES;
				CLANG_WARN_OBJC_ROOT_CLASS = YES_ERROR;
				CLANG_WARN_RANGE_LOOP_ANALYSIS = YES;
				CLANG_WARN_STRICT_PROTOTYPES = YES;
				CLANG_WARN_SUSPICIOUS_MOVE = YES;
				CLANG_WARN_UNGUARDED_AVAILABILITY = YES_AGGRESSIVE;
				CLANG_WARN_UNREACHABLE_CODE = YES;
				CLANG_WARN__DUPLICATE_METHOD_MATCH = YES;
				CODE_SIGN_IDENTITY = "iPhone Developer";
				COPY_PHASE_STRIP = NO;
				DEBUG_INFORMATION_FORMAT = "dwarf-with-dsym";
				ENABLE_NS_ASSERTIONS = NO;
				ENABLE_STRICT_OBJC_MSGSEND = YES;
				GCC_C_LANGUAGE_STANDARD = gnu11;
				GCC_NO_COMMON_BLOCKS = YES;
				GCC_WARN_64_TO_32_BIT_CONVERSION = YES;
				GCC_WARN_ABOUT_RETURN_TYPE = YES_ERROR;
				GCC_WARN_UNDECLARED_SELECTOR = YES;
				GCC_WARN_UNINITIALIZED_AUTOS = YES_AGGRESSIVE;
				GCC_WARN_UNUSED_FUNCTION = YES;
				GCC_WARN_UNUSED_VARIABLE = YES;
				IPHONEOS_DEPLOYMENT_TARGET = 12.2;
				MTL_ENABLE_DEBUG_INFO = NO;
				MTL_FAST_MATH = YES;
				SDKROOT = iphoneos;
				SWIFT_COMPILATION_MODE = wholemodule;
				SWIFT_OPTIMIZATION_LEVEL = "-O";
				VALIDATE_PRODUCT = YES;
			};
			name = Release;
		};
		7A6B4C612262CBB1009B3956 /* Debug */ = {
			isa = XCBuildConfiguration;
			buildSettings = {
				ASSETCATALOG_COMPILER_APPICON_NAME = AppIcon;
				CODE_SIGN_STYLE = Automatic;
				INFOPLIST_FILE = Restaurant/Info.plist;
				IPHONEOS_DEPLOYMENT_TARGET = 12.2;
				LD_RUNPATH_SEARCH_PATHS = (
					"$(inherited)",
					"@executable_path/Frameworks",
				);
				PRODUCT_BUNDLE_IDENTIFIER = com.SalvadorGarcia.Restaurant;
				PRODUCT_NAME = "$(TARGET_NAME)";
				SWIFT_VERSION = 5.0;
				TARGETED_DEVICE_FAMILY = "1,2";
			};
			name = Debug;
		};
		7A6B4C622262CBB1009B3956 /* Release */ = {
			isa = XCBuildConfiguration;
			buildSettings = {
				ASSETCATALOG_COMPILER_APPICON_NAME = AppIcon;
				CODE_SIGN_STYLE = Automatic;
				INFOPLIST_FILE = Restaurant/Info.plist;
				IPHONEOS_DEPLOYMENT_TARGET = 12.2;
				LD_RUNPATH_SEARCH_PATHS = (
					"$(inherited)",
					"@executable_path/Frameworks",
				);
				PRODUCT_BUNDLE_IDENTIFIER = com.SalvadorGarcia.Restaurant;
				PRODUCT_NAME = "$(TARGET_NAME)";
				SWIFT_VERSION = 5.0;
				TARGETED_DEVICE_FAMILY = "1,2";
			};
			name = Release;
		};
/* End XCBuildConfiguration section */

/* Begin XCConfigurationList section */
		7A6B4C492262CBAF009B3956 /* Build configuration list for PBXProject "Restaurant" */ = {
			isa = XCConfigurationList;
			buildConfigurations = (
				7A6B4C5E2262CBB1009B3956 /* Debug */,
				7A6B4C5F2262CBB1009B3956 /* Release */,
			);
			defaultConfigurationIsVisible = 0;
			defaultConfigurationName = Release;
		};
		7A6B4C602262CBB1009B3956 /* Build configuration list for PBXNativeTarget "Restaurant" */ = {
			isa = XCConfigurationList;
			buildConfigurations = (
				7A6B4C612262CBB1009B3956 /* Debug */,
				7A6B4C622262CBB1009B3956 /* Release */,
			);
			defaultConfigurationIsVisible = 0;
			defaultConfigurationName = Release;
		};
/* End XCConfigurationList section */
	};
	rootObject = 7A6B4C462262CBAF009B3956 /* Project object */;
}
